
Microsoft Visual Studio Solution File, Format Version 12.00
# Visual Studio Version 17
VisualStudioVersion = 17.11.35111.106
MinimumVisualStudioVersion = 10.0.40219.1
Project("{9A19103F-16F7-4668-BE54-9A1E7A4F7556}") = "Encapsulation", "Encapsulation\Encapsulation\Encapsulation.csproj", "{33E8EF72-1915-47DE-97E0-E3C51B5AD52C}"
EndProject
Project("{FAE04EC0-301F-11D3-BF4B-00C04F79EFBC}") = "Abstraction", "Abstraction\Abstraction\Abstraction.csproj", "{66167DEA-599C-4C69-B8DE-91C99CC4F2C0}"
EndProject
Global
	GlobalSection(SolutionConfigurationPlatforms) = preSolution
		Debug|Any CPU = Debug|Any CPU
		Release|Any CPU = Release|Any CPU
	EndGlobalSection
	GlobalSection(ProjectConfigurationPlatforms) = postSolution
		{33E8EF72-1915-47DE-97E0-E3C51B5AD52C}.Debug|Any CPU.ActiveCfg = Debug|Any CPU
		{33E8EF72-1915-47DE-97E0-E3C51B5AD52C}.Debug|Any CPU.Build.0 = Debug|Any CPU
		{33E8EF72-1915-47DE-97E0-E3C51B5AD52C}.Release|Any CPU.ActiveCfg = Release|Any CPU
		{33E8EF72-1915-47DE-97E0-E3C51B5AD52C}.Release|Any CPU.Build.0 = Release|Any CPU
		{66167DEA-599C-4C69-B8DE-91C99CC4F2C0}.Debug|Any CPU.ActiveCfg = Debug|Any CPU
		{66167DEA-599C-4C69-B8DE-91C99CC4F2C0}.Debug|Any CPU.Build.0 = Debug|Any CPU
		{66167DEA-599C-4C69-B8DE-91C99CC4F2C0}.Release|Any CPU.ActiveCfg = Release|Any CPU
		{66167DEA-599C-4C69-B8DE-91C99CC4F2C0}.Release|Any CPU.Build.0 = Release|Any CPU
	EndGlobalSection
	GlobalSection(SolutionProperties) = preSolution
		HideSolutionNode = FALSE
	EndGlobalSection
	GlobalSection(ExtensibilityGlobals) = postSolution
		SolutionGuid = {F6B0FB5A-68AF-4542-9E9F-3029E13A1AFF}
	EndGlobalSection
EndGlobal
